
Microsoft Visual Studio Solution File, Format Version 12.00
# Visual Studio Version 16
VisualStudioVersion = 16.0.31624.102
MinimumVisualStudioVersion = 10.0.40219.1
Project("{FAE04EC0-301F-11D3-BF4B-00C04F79EFBC}") = "QuickSort", "QuickSort\QuickSort.csproj", "{3CB27A9F-C77B-4B67-8FC6-1FFF71C9C8EB}"
EndProject
Global
	GlobalSection(SolutionConfigurationPlatforms) = preSolution
		Debug|Any CPU = Debug|Any CPU
		Release|Any CPU = Release|Any CPU
	EndGlobalSection
	GlobalSection(ProjectConfigurationPlatforms) = postSolution
		{3CB27A9F-C77B-4B67-8FC6-1FFF71C9C8EB}.Debug|Any CPU.ActiveCfg = Debug|Any CPU
		{3CB27A9F-C77B-4B67-8FC6-1FFF71C9C8EB}.Debug|Any CPU.Build.0 = Debug|Any CPU
		{3CB27A9F-C77B-4B67-8FC6-1FFF71C9C8EB}.Release|Any CPU.ActiveCfg = Release|Any CPU
		{3CB27A9F-C77B-4B67-8FC6-1FFF71C9C8EB}.Release|Any CPU.Build.0 = Release|Any CPU
	EndGlobalSection
	GlobalSection(SolutionProperties) = preSolution
		HideSolutionNode = FALSE
	EndGlobalSection
	GlobalSection(ExtensibilityGlobals) = postSolution
		SolutionGuid = {8E86FA47-7754-45EC-B845-232FA6ACBC32}
	EndGlobalSection
EndGlobal
